// !$*UTF8*$!
{
	archiveVersion = 1;
	classes = {
	};
	objectVersion = 55;
	objects = {

/* Begin PBXBuildFile section */
		0318D4BE28E6EBB300E75561 /* AppDelegate.swift in Sources */ = {isa = PBXBuildFile; fileRef = 0318D4BD28E6EBB300E75561 /* AppDelegate.swift */; };
		0318D4C028E6EBB300E75561 /* SceneDelegate.swift in Sources */ = {isa = PBXBuildFile; fileRef = 0318D4BF28E6EBB300E75561 /* SceneDelegate.swift */; };
		0318D4C228E6EBB300E75561 /* ViewController.swift in Sources */ = {isa = PBXBuildFile; fileRef = 0318D4C128E6EBB300E75561 /* ViewController.swift */; };
		0318D4C528E6EBB300E75561 /* Main.storyboard in Resources */ = {isa = PBXBuildFile; fileRef = 0318D4C328E6EBB300E75561 /* Main.storyboard */; };
		0318D4C728E6EBB500E75561 /* Assets.xcassets in Resources */ = {isa = PBXBuildFile; fileRef = 0318D4C628E6EBB500E75561 /* Assets.xcassets */; };
		0318D4CA28E6EBB500E75561 /* LaunchScreen.storyboard in Resources */ = {isa = PBXBuildFile; fileRef = 0318D4C828E6EBB500E75561 /* LaunchScreen.storyboard */; };
		0318D4D228E6EC2700E75561 /* MainView.swift in Sources */ = {isa = PBXBuildFile; fileRef = 0318D4D128E6EC2700E75561 /* MainView.swift */; };
		0318D4D428E6EC8800E75561 /* MainViewModel.swift in Sources */ = {isa = PBXBuildFile; fileRef = 0318D4D328E6EC8800E75561 /* MainViewModel.swift */; };
		0318D4D628E6ECEC00E75561 /* Person.swift in Sources */ = {isa = PBXBuildFile; fileRef = 0318D4D528E6ECEC00E75561 /* Person.swift */; };
		0318D4DD28E6EEC500E75561 /* Helper.swift in Sources */ = {isa = PBXBuildFile; fileRef = 0318D4DC28E6EEC500E75561 /* Helper.swift */; };
		0318D4E428E6EF4E00E75561 /* ButtonExt.swift in Sources */ = {isa = PBXBuildFile; fileRef = 0318D4E028E6EF0500E75561 /* ButtonExt.swift */; };
		0318D4E528E6EF5000E75561 /* LabelExt.swift in Sources */ = {isa = PBXBuildFile; fileRef = 0318D4E128E6EF0500E75561 /* LabelExt.swift */; };
		0318D4E628E6EF5200E75561 /* TextFieldExt.swift in Sources */ = {isa = PBXBuildFile; fileRef = 0318D4E228E6EF0500E75561 /* TextFieldExt.swift */; };
		0318D4E728E6EF5400E75561 /* StackViewExt.swift in Sources */ = {isa = PBXBuildFile; fileRef = 0318D4E328E6EF0500E75561 /* StackViewExt.swift */; };
		0318D4EA28E6EF7C00E75561 /* ColorLibrary.swift in Sources */ = {isa = PBXBuildFile; fileRef = 0318D4E928E6EF7C00E75561 /* ColorLibrary.swift */; };
		0318D4EC28E6EF8200E75561 /* FontsLibrary.swift in Sources */ = {isa = PBXBuildFile; fileRef = 0318D4EB28E6EF8200E75561 /* FontsLibrary.swift */; };
		0318D4EF28E6F18000E75561 /* CustomTextField.swift in Sources */ = {isa = PBXBuildFile; fileRef = 0318D4EE28E6F18000E75561 /* CustomTextField.swift */; };
		0318D4F128E6F5A400E75561 /* TwoFieldsView.swift in Sources */ = {isa = PBXBuildFile; fileRef = 0318D4F028E6F5A400E75561 /* TwoFieldsView.swift */; };
		0318D4F328E6FC3800E75561 /* ChildCell.swift in Sources */ = {isa = PBXBuildFile; fileRef = 0318D4F228E6FC3800E75561 /* ChildCell.swift */; };
		0318D4F528E6FD0800E75561 /* DeleteButton.swift in Sources */ = {isa = PBXBuildFile; fileRef = 0318D4F428E6FD0800E75561 /* DeleteButton.swift */; };
		0318D4F728E710B700E75561 /* DeleteCell.swift in Sources */ = {isa = PBXBuildFile; fileRef = 0318D4F628E710B700E75561 /* DeleteCell.swift */; };
/* End PBXBuildFile section */

/* Begin PBXFileReference section */
		0318D4BA28E6EBB300E75561 /* MVVMScreen.app */ = {isa = PBXFileReference; explicitFileType = wrapper.application; includeInIndex = 0; path = MVVMScreen.app; sourceTree = BUILT_PRODUCTS_DIR; };
		0318D4BD28E6EBB300E75561 /* AppDelegate.swift */ = {isa = PBXFileReference; lastKnownFileType = sourcecode.swift; path = AppDelegate.swift; sourceTree = "<group>"; };
		0318D4BF28E6EBB300E75561 /* SceneDelegate.swift */ = {isa = PBXFileReference; lastKnownFileType = sourcecode.swift; path = SceneDelegate.swift; sourceTree = "<group>"; };
		0318D4C128E6EBB300E75561 /* ViewController.swift */ = {isa = PBXFileReference; lastKnownFileType = sourcecode.swift; path = ViewController.swift; sourceTree = "<group>"; };
		0318D4C428E6EBB300E75561 /* Base */ = {isa = PBXFileReference; lastKnownFileType = file.storyboard; name = Base; path = Base.lproj/Main.storyboard; sourceTree = "<group>"; };
		0318D4C628E6EBB500E75561 /* Assets.xcassets */ = {isa = PBXFileReference; lastKnownFileType = folder.assetcatalog; path = Assets.xcassets; sourceTree = "<group>"; };
		0318D4C928E6EBB500E75561 /* Base */ = {isa = PBXFileReference; lastKnownFileType = file.storyboard; name = Base; path = Base.lproj/LaunchScreen.storyboard; sourceTree = "<group>"; };
		0318D4CB28E6EBB500E75561 /* Info.plist */ = {isa = PBXFileReference; lastKnownFileType = text.plist.xml; path = Info.plist; sourceTree = "<group>"; };
		0318D4D128E6EC2700E75561 /* MainView.swift */ = {isa = PBXFileReference; lastKnownFileType = sourcecode.swift; path = MainView.swift; sourceTree = "<group>"; };
		0318D4D328E6EC8800E75561 /* MainViewModel.swift */ = {isa = PBXFileReference; lastKnownFileType = sourcecode.swift; path = MainViewModel.swift; sourceTree = "<group>"; };
		0318D4D528E6ECEC00E75561 /* Person.swift */ = {isa = PBXFileReference; lastKnownFileType = sourcecode.swift; path = Person.swift; sourceTree = "<group>"; };
		0318D4DC28E6EEC500E75561 /* Helper.swift */ = {isa = PBXFileReference; fileEncoding = 4; lastKnownFileType = sourcecode.swift; path = Helper.swift; sourceTree = "<group>"; };
		0318D4E028E6EF0500E75561 /* ButtonExt.swift */ = {isa = PBXFileReference; lastKnownFileType = sourcecode.swift; path = ButtonExt.swift; sourceTree = "<group>"; };
		0318D4E128E6EF0500E75561 /* LabelExt.swift */ = {isa = PBXFileReference; lastKnownFileType = sourcecode.swift; path = LabelExt.swift; sourceTree = "<group>"; };
		0318D4E228E6EF0500E75561 /* TextFieldExt.swift */ = {isa = PBXFileReference; lastKnownFileType = sourcecode.swift; path = TextFieldExt.swift; sourceTree = "<group>"; };
		0318D4E328E6EF0500E75561 /* StackViewExt.swift */ = {isa = PBXFileReference; lastKnownFileType = sourcecode.swift; path = StackViewExt.swift; sourceTree = "<group>"; };
		0318D4E928E6EF7C00E75561 /* ColorLibrary.swift */ = {isa = PBXFileReference; fileEncoding = 4; lastKnownFileType = sourcecode.swift; path = ColorLibrary.swift; sourceTree = "<group>"; };
		0318D4EB28E6EF8200E75561 /* FontsLibrary.swift */ = {isa = PBXFileReference; fileEncoding = 4; lastKnownFileType = sourcecode.swift; path = FontsLibrary.swift; sourceTree = "<group>"; };
		0318D4EE28E6F18000E75561 /* CustomTextField.swift */ = {isa = PBXFileReference; lastKnownFileType = sourcecode.swift; path = CustomTextField.swift; sourceTree = "<group>"; };
		0318D4F028E6F5A400E75561 /* TwoFieldsView.swift */ = {isa = PBXFileReference; lastKnownFileType = sourcecode.swift; path = TwoFieldsView.swift; sourceTree = "<group>"; };
		0318D4F228E6FC3800E75561 /* ChildCell.swift */ = {isa = PBXFileReference; lastKnownFileType = sourcecode.swift; path = ChildCell.swift; sourceTree = "<group>"; };
		0318D4F428E6FD0800E75561 /* DeleteButton.swift */ = {isa = PBXFileReference; lastKnownFileType = sourcecode.swift; path = DeleteButton.swift; sourceTree = "<group>"; };
		0318D4F628E710B700E75561 /* DeleteCell.swift */ = {isa = PBXFileReference; lastKnownFileType = sourcecode.swift; path = DeleteCell.swift; sourceTree = "<group>"; };
/* End PBXFileReference section */

/* Begin PBXFrameworksBuildPhase section */
		0318D4B728E6EBB300E75561 /* Frameworks */ = {
			isa = PBXFrameworksBuildPhase;
			buildActionMask = 2147483647;
			files = (
			);
			runOnlyForDeploymentPostprocessing = 0;
		};
/* End PBXFrameworksBuildPhase section */

/* Begin PBXGroup section */
		0318D4B128E6EBB300E75561 = {
			isa = PBXGroup;
			children = (
				0318D4BC28E6EBB300E75561 /* MVVMScreen */,
				0318D4BB28E6EBB300E75561 /* Products */,
			);
			sourceTree = "<group>";
		};
		0318D4BB28E6EBB300E75561 /* Products */ = {
			isa = PBXGroup;
			children = (
				0318D4BA28E6EBB300E75561 /* MVVMScreen.app */,
			);
			name = Products;
			sourceTree = "<group>";
		};
		0318D4BC28E6EBB300E75561 /* MVVMScreen */ = {
			isa = PBXGroup;
			children = (
				0318D4D828E6ED2500E75561 /* Model */,
				0318D4D728E6ED1B00E75561 /* View */,
				0318D4D928E6ED3000E75561 /* ViewModel */,
				0318D4BF28E6EBB300E75561 /* SceneDelegate.swift */,
				0318D4BD28E6EBB300E75561 /* AppDelegate.swift */,
				0318D4DE28E6EEDD00E75561 /* Support */,
				0318D4C328E6EBB300E75561 /* Main.storyboard */,
				0318D4C628E6EBB500E75561 /* Assets.xcassets */,
				0318D4C828E6EBB500E75561 /* LaunchScreen.storyboard */,
				0318D4CB28E6EBB500E75561 /* Info.plist */,
			);
			path = MVVMScreen;
			sourceTree = "<group>";
		};
		0318D4D728E6ED1B00E75561 /* View */ = {
			isa = PBXGroup;
			children = (
				0318D4D128E6EC2700E75561 /* MainView.swift */,
				0318D4C128E6EBB300E75561 /* ViewController.swift */,
				0318D4EE28E6F18000E75561 /* CustomTextField.swift */,
				0318D4F028E6F5A400E75561 /* TwoFieldsView.swift */,
				0318D4F228E6FC3800E75561 /* ChildCell.swift */,
				0318D4F428E6FD0800E75561 /* DeleteButton.swift */,
				0318D4F628E710B700E75561 /* DeleteCell.swift */,
			);
			path = View;
			sourceTree = "<group>";
		};
		0318D4D828E6ED2500E75561 /* Model */ = {
			isa = PBXGroup;
			children = (
				0318D4D528E6ECEC00E75561 /* Person.swift */,
			);
			path = Model;
			sourceTree = "<group>";
		};
		0318D4D928E6ED3000E75561 /* ViewModel */ = {
			isa = PBXGroup;
			children = (
				0318D4D328E6EC8800E75561 /* MainViewModel.swift */,
			);
			path = ViewModel;
			sourceTree = "<group>";
		};
		0318D4DE28E6EEDD00E75561 /* Support */ = {
			isa = PBXGroup;
			children = (
				0318D4E828E6EF6400E75561 /* UIKit */,
				0318D4ED28E6EF8900E75561 /* Libraries */,
				0318D4DC28E6EEC500E75561 /* Helper.swift */,
			);
			path = Support;
			sourceTree = "<group>";
		};
		0318D4E828E6EF6400E75561 /* UIKit */ = {
			isa = PBXGroup;
			children = (
				0318D4E128E6EF0500E75561 /* LabelExt.swift */,
				0318D4E228E6EF0500E75561 /* TextFieldExt.swift */,
				0318D4E328E6EF0500E75561 /* StackViewExt.swift */,
				0318D4E028E6EF0500E75561 /* ButtonExt.swift */,
			);
			path = UIKit;
			sourceTree = "<group>";
		};
		0318D4ED28E6EF8900E75561 /* Libraries */ = {
			isa = PBXGroup;
			children = (
				0318D4E928E6EF7C00E75561 /* ColorLibrary.swift */,
				0318D4EB28E6EF8200E75561 /* FontsLibrary.swift */,
			);
			path = Libraries;
			sourceTree = "<group>";
		};
/* End PBXGroup section */

/* Begin PBXNativeTarget section */
		0318D4B928E6EBB300E75561 /* MVVMScreen */ = {
			isa = PBXNativeTarget;
			buildConfigurationList = 0318D4CE28E6EBB500E75561 /* Build configuration list for PBXNativeTarget "MVVMScreen" */;
			buildPhases = (
				0318D4B628E6EBB300E75561 /* Sources */,
				0318D4B728E6EBB300E75561 /* Frameworks */,
				0318D4B828E6EBB300E75561 /* Resources */,
			);
			buildRules = (
			);
			dependencies = (
			);
			name = MVVMScreen;
			productName = MVVMScreen;
			productReference = 0318D4BA28E6EBB300E75561 /* MVVMScreen.app */;
			productType = "com.apple.product-type.application";
		};
/* End PBXNativeTarget section */

/* Begin PBXProject section */
		0318D4B228E6EBB300E75561 /* Project object */ = {
			isa = PBXProject;
			attributes = {
				BuildIndependentTargetsInParallel = 1;
				LastSwiftUpdateCheck = 1340;
				LastUpgradeCheck = 1340;
				TargetAttributes = {
					0318D4B928E6EBB300E75561 = {
						CreatedOnToolsVersion = 13.4.1;
					};
				};
			};
			buildConfigurationList = 0318D4B528E6EBB300E75561 /* Build configuration list for PBXProject "MVVMScreen" */;
			compatibilityVersion = "Xcode 13.0";
			developmentRegion = en;
			hasScannedForEncodings = 0;
			knownRegions = (
				en,
				Base,
			);
			mainGroup = 0318D4B128E6EBB300E75561;
			productRefGroup = 0318D4BB28E6EBB300E75561 /* Products */;
			projectDirPath = "";
			projectRoot = "";
			targets = (
				0318D4B928E6EBB300E75561 /* MVVMScreen */,
			);
		};
/* End PBXProject section */

/* Begin PBXResourcesBuildPhase section */
		0318D4B828E6EBB300E75561 /* Resources */ = {
			isa = PBXResourcesBuildPhase;
			buildActionMask = 2147483647;
			files = (
				0318D4CA28E6EBB500E75561 /* LaunchScreen.storyboard in Resources */,
				0318D4C728E6EBB500E75561 /* Assets.xcassets in Resources */,
				0318D4C528E6EBB300E75561 /* Main.storyboard in Resources */,
			);
			runOnlyForDeploymentPostprocessing = 0;
		};
/* End PBXResourcesBuildPhase section */

/* Begin PBXSourcesBuildPhase section */
		0318D4B628E6EBB300E75561 /* Sources */ = {
			isa = PBXSourcesBuildPhase;
			buildActionMask = 2147483647;
			files = (
				0318D4EF28E6F18000E75561 /* CustomTextField.swift in Sources */,
				0318D4D628E6ECEC00E75561 /* Person.swift in Sources */,
				0318D4DD28E6EEC500E75561 /* Helper.swift in Sources */,
				0318D4E528E6EF5000E75561 /* LabelExt.swift in Sources */,
				0318D4E628E6EF5200E75561 /* TextFieldExt.swift in Sources */,
				0318D4D428E6EC8800E75561 /* MainViewModel.swift in Sources */,
				0318D4EA28E6EF7C00E75561 /* ColorLibrary.swift in Sources */,
				0318D4F528E6FD0800E75561 /* DeleteButton.swift in Sources */,
				0318D4F128E6F5A400E75561 /* TwoFieldsView.swift in Sources */,
				0318D4EC28E6EF8200E75561 /* FontsLibrary.swift in Sources */,
				0318D4F728E710B700E75561 /* DeleteCell.swift in Sources */,
				0318D4E728E6EF5400E75561 /* StackViewExt.swift in Sources */,
				0318D4C228E6EBB300E75561 /* ViewController.swift in Sources */,
				0318D4D228E6EC2700E75561 /* MainView.swift in Sources */,
				0318D4BE28E6EBB300E75561 /* AppDelegate.swift in Sources */,
				0318D4C028E6EBB300E75561 /* SceneDelegate.swift in Sources */,
				0318D4F328E6FC3800E75561 /* ChildCell.swift in Sources */,
				0318D4E428E6EF4E00E75561 /* ButtonExt.swift in Sources */,
			);
			runOnlyForDeploymentPostprocessing = 0;
		};
/* End PBXSourcesBuildPhase section */

/* Begin PBXVariantGroup section */
		0318D4C328E6EBB300E75561 /* Main.storyboard */ = {
			isa = PBXVariantGroup;
			children = (
				0318D4C428E6EBB300E75561 /* Base */,
			);
			name = Main.storyboard;
			sourceTree = "<group>";
		};
		0318D4C828E6EBB500E75561 /* LaunchScreen.storyboard */ = {
			isa = PBXVariantGroup;
			children = (
				0318D4C928E6EBB500E75561 /* Base */,
			);
			name = LaunchScreen.storyboard;
			sourceTree = "<group>";
		};
/* End PBXVariantGroup section */

/* Begin XCBuildConfiguration section */
		0318D4CC28E6EBB500E75561 /* Debug */ = {
			isa = XCBuildConfiguration;
			buildSettings = {
				ALWAYS_SEARCH_USER_PATHS = NO;
				CLANG_ANALYZER_NONNULL = YES;
				CLANG_ANALYZER_NUMBER_OBJECT_CONVERSION = YES_AGGRESSIVE;
				CLANG_CXX_LANGUAGE_STANDARD = "gnu++17";
				CLANG_ENABLE_MODULES = YES;
				CLANG_ENABLE_OBJC_ARC = YES;
				CLANG_ENABLE_OBJC_WEAK = YES;
				CLANG_WARN_BLOCK_CAPTURE_AUTORELEASING = YES;
				CLANG_WARN_BOOL_CONVERSION = YES;
				CLANG_WARN_COMMA = YES;
				CLANG_WARN_CONSTANT_CONVERSION = YES;
				CLANG_WARN_DEPRECATED_OBJC_IMPLEMENTATIONS = YES;
				CLANG_WARN_DIRECT_OBJC_ISA_USAGE = YES_ERROR;
				CLANG_WARN_DOCUMENTATION_COMMENTS = YES;
				CLANG_WARN_EMPTY_BODY = YES;
				CLANG_WARN_ENUM_CONVERSION = YES;
				CLANG_WARN_INFINITE_RECURSION = YES;
				CLANG_WARN_INT_CONVERSION = YES;
				CLANG_WARN_NON_LITERAL_NULL_CONVERSION = YES;
				CLANG_WARN_OBJC_IMPLICIT_RETAIN_SELF = YES;
				CLANG_WARN_OBJC_LITERAL_CONVERSION = YES;
				CLANG_WARN_OBJC_ROOT_CLASS = YES_ERROR;
				CLANG_WARN_QUOTED_INCLUDE_IN_FRAMEWORK_HEADER = YES;
				CLANG_WARN_RANGE_LOOP_ANALYSIS = YES;
				CLANG_WARN_STRICT_PROTOTYPES = YES;
				CLANG_WARN_SUSPICIOUS_MOVE = YES;
				CLANG_WARN_UNGUARDED_AVAILABILITY = YES_AGGRESSIVE;
				CLANG_WARN_UNREACHABLE_CODE = YES;
				CLANG_WARN__DUPLICATE_METHOD_MATCH = YES;
				COPY_PHASE_STRIP = NO;
				DEBUG_INFORMATION_FORMAT = dwarf;
				ENABLE_STRICT_OBJC_MSGSEND = YES;
				ENABLE_TESTABILITY = YES;
				GCC_C_LANGUAGE_STANDARD = gnu11;
				GCC_DYNAMIC_NO_PIC = NO;
				GCC_NO_COMMON_BLOCKS = YES;
				GCC_OPTIMIZATION_LEVEL = 0;
				GCC_PREPROCESSOR_DEFINITIONS = (
					"DEBUG=1",
					"$(inherited)",
				);
				GCC_WARN_64_TO_32_BIT_CONVERSION = YES;
				GCC_WARN_ABOUT_RETURN_TYPE = YES_ERROR;
				GCC_WARN_UNDECLARED_SELECTOR = YES;
				GCC_WARN_UNINITIALIZED_AUTOS = YES_AGGRESSIVE;
				GCC_WARN_UNUSED_FUNCTION = YES;
				GCC_WARN_UNUSED_VARIABLE = YES;
				IPHONEOS_DEPLOYMENT_TARGET = 15.5;
				MTL_ENABLE_DEBUG_INFO = INCLUDE_SOURCE;
				MTL_FAST_MATH = YES;
				ONLY_ACTIVE_ARCH = YES;
				SDKROOT = iphoneos;
				SWIFT_ACTIVE_COMPILATION_CONDITIONS = DEBUG;
				SWIFT_OPTIMIZATION_LEVEL = "-Onone";
			};
			name = Debug;
		};
		0318D4CD28E6EBB500E75561 /* Release */ = {
			isa = XCBuildConfiguration;
			buildSettings = {
				ALWAYS_SEARCH_USER_PATHS = NO;
				CLANG_ANALYZER_NONNULL = YES;
				CLANG_ANALYZER_NUMBER_OBJECT_CONVERSION = YES_AGGRESSIVE;
				CLANG_CXX_LANGUAGE_STANDARD = "gnu++17";
				CLANG_ENABLE_MODULES = YES;
				CLANG_ENABLE_OBJC_ARC = YES;
				CLANG_ENABLE_OBJC_WEAK = YES;
				CLANG_WARN_BLOCK_CAPTURE_AUTORELEASING = YES;
				CLANG_WARN_BOOL_CONVERSION = YES;
				CLANG_WARN_COMMA = YES;
				CLANG_WARN_CONSTANT_CONVERSION = YES;
				CLANG_WARN_DEPRECATED_OBJC_IMPLEMENTATIONS = YES;
				CLANG_WARN_DIRECT_OBJC_ISA_USAGE = YES_ERROR;
				CLANG_WARN_DOCUMENTATION_COMMENTS = YES;
				CLANG_WARN_EMPTY_BODY = YES;
				CLANG_WARN_ENUM_CONVERSION = YES;
				CLANG_WARN_INFINITE_RECURSION = YES;
				CLANG_WARN_INT_CONVERSION = YES;
				CLANG_WARN_NON_LITERAL_NULL_CONVERSION = YES;
				CLANG_WARN_OBJC_IMPLICIT_RETAIN_SELF = YES;
				CLANG_WARN_OBJC_LITERAL_CONVERSION = YES;
				CLANG_WARN_OBJC_ROOT_CLASS = YES_ERROR;
				CLANG_WARN_QUOTED_INCLUDE_IN_FRAMEWORK_HEADER = YES;
				CLANG_WARN_RANGE_LOOP_ANALYSIS = YES;
				CLANG_WARN_STRICT_PROTOTYPES = YES;
				CLANG_WARN_SUSPICIOUS_MOVE = YES;
				CLANG_WARN_UNGUARDED_AVAILABILITY = YES_AGGRESSIVE;
				CLANG_WARN_UNREACHABLE_CODE = YES;
				CLANG_WARN__DUPLICATE_METHOD_MATCH = YES;
				COPY_PHASE_STRIP = NO;
				DEBUG_INFORMATION_FORMAT = "dwarf-with-dsym";
				ENABLE_NS_ASSERTIONS = NO;
				ENABLE_STRICT_OBJC_MSGSEND = YES;
				GCC_C_LANGUAGE_STANDARD = gnu11;
				GCC_NO_COMMON_BLOCKS = YES;
				GCC_WARN_64_TO_32_BIT_CONVERSION = YES;
				GCC_WARN_ABOUT_RETURN_TYPE = YES_ERROR;
				GCC_WARN_UNDECLARED_SELECTOR = YES;
				GCC_WARN_UNINITIALIZED_AUTOS = YES_AGGRESSIVE;
				GCC_WARN_UNUSED_FUNCTION = YES;
				GCC_WARN_UNUSED_VARIABLE = YES;
				IPHONEOS_DEPLOYMENT_TARGET = 15.5;
				MTL_ENABLE_DEBUG_INFO = NO;
				MTL_FAST_MATH = YES;
				SDKROOT = iphoneos;
				SWIFT_COMPILATION_MODE = wholemodule;
				SWIFT_OPTIMIZATION_LEVEL = "-O";
				VALIDATE_PRODUCT = YES;
			};
			name = Release;
		};
		0318D4CF28E6EBB500E75561 /* Debug */ = {
			isa = XCBuildConfiguration;
			buildSettings = {
				ASSETCATALOG_COMPILER_APPICON_NAME = AppIcon;
				ASSETCATALOG_COMPILER_GLOBAL_ACCENT_COLOR_NAME = AccentColor;
				CODE_SIGN_STYLE = Automatic;
				CURRENT_PROJECT_VERSION = 1;
				DEVELOPMENT_TEAM = 75B9734G42;
				GENERATE_INFOPLIST_FILE = YES;
				INFOPLIST_FILE = MVVMScreen/Info.plist;
				INFOPLIST_KEY_UIApplicationSupportsIndirectInputEvents = YES;
				INFOPLIST_KEY_UILaunchStoryboardName = LaunchScreen;
				INFOPLIST_KEY_UIMainStoryboardFile = Main;
				INFOPLIST_KEY_UISupportedInterfaceOrientations_iPad = "UIInterfaceOrientationPortrait UIInterfaceOrientationPortraitUpsideDown UIInterfaceOrientationLandscapeLeft UIInterfaceOrientationLandscapeRight";
				INFOPLIST_KEY_UISupportedInterfaceOrientations_iPhone = "UIInterfaceOrientationPortrait UIInterfaceOrientationLandscapeLeft UIInterfaceOrientationLandscapeRight";
				LD_RUNPATH_SEARCH_PATHS = (
					"$(inherited)",
					"@executable_path/Frameworks",
				);
				MARKETING_VERSION = 1.0;
				PRODUCT_BUNDLE_IDENTIFIER = IP.MVVMScreen;
				PRODUCT_NAME = "$(TARGET_NAME)";
				SWIFT_EMIT_LOC_STRINGS = YES;
				SWIFT_VERSION = 5.0;
				TARGETED_DEVICE_FAMILY = "1,2";
			};
			name = Debug;
		};
		0318D4D028E6EBB500E75561 /* Release */ = {
			isa = XCBuildConfiguration;
			buildSettings = {
				ASSETCATALOG_COMPILER_APPICON_NAME = AppIcon;
				ASSETCATALOG_COMPILER_GLOBAL_ACCENT_COLOR_NAME = AccentColor;
				CODE_SIGN_STYLE = Automatic;
				CURRENT_PROJECT_VERSION = 1;
				DEVELOPMENT_TEAM = 75B9734G42;
				GENERATE_INFOPLIST_FILE = YES;
				INFOPLIST_FILE = MVVMScreen/Info.plist;
				INFOPLIST_KEY_UIApplicationSupportsIndirectInputEvents = YES;
				INFOPLIST_KEY_UILaunchStoryboardName = LaunchScreen;
				INFOPLIST_KEY_UIMainStoryboardFile = Main;
				INFOPLIST_KEY_UISupportedInterfaceOrientations_iPad = "UIInterfaceOrientationPortrait UIInterfaceOrientationPortraitUpsideDown UIInterfaceOrientationLandscapeLeft UIInterfaceOrientationLandscapeRight";
				INFOPLIST_KEY_UISupportedInterfaceOrientations_iPhone = "UIInterfaceOrientationPortrait UIInterfaceOrientationLandscapeLeft UIInterfaceOrientationLandscapeRight";
				LD_RUNPATH_SEARCH_PATHS = (
					"$(inherited)",
					"@executable_path/Frameworks",
				);
				MARKETING_VERSION = 1.0;
				PRODUCT_BUNDLE_IDENTIFIER = IP.MVVMScreen;
				PRODUCT_NAME = "$(TARGET_NAME)";
				SWIFT_EMIT_LOC_STRINGS = YES;
				SWIFT_VERSION = 5.0;
				TARGETED_DEVICE_FAMILY = "1,2";
			};
			name = Release;
		};
/* End XCBuildConfiguration section */

/* Begin XCConfigurationList section */
		0318D4B528E6EBB300E75561 /* Build configuration list for PBXProject "MVVMScreen" */ = {
			isa = XCConfigurationList;
			buildConfigurations = (
				0318D4CC28E6EBB500E75561 /* Debug */,
				0318D4CD28E6EBB500E75561 /* Release */,
			);
			defaultConfigurationIsVisible = 0;
			defaultConfigurationName = Release;
		};
		0318D4CE28E6EBB500E75561 /* Build configuration list for PBXNativeTarget "MVVMScreen" */ = {
			isa = XCConfigurationList;
			buildConfigurations = (
				0318D4CF28E6EBB500E75561 /* Debug */,
				0318D4D028E6EBB500E75561 /* Release */,
			);
			defaultConfigurationIsVisible = 0;
			defaultConfigurationName = Release;
		};
/* End XCConfigurationList section */
	};
	rootObject = 0318D4B228E6EBB300E75561 /* Project object */;
}
